
Microsoft Visual Studio Solution File, Format Version 12.00
# Visual Studio 15
VisualStudioVersion = 15.0.28307.645
MinimumVisualStudioVersion = 10.0.40219.1
Project("{8BC9CEB8-8B4A-11D0-8D11-00A0C91BC942}") = "PPD_Lab3", "PPD_Lab3\PPD_Lab3.vcxproj", "{1FB8B4F2-884F-4C17-B39B-971369121BB1}"
EndProject
Global
	GlobalSection(SolutionConfigurationPlatforms) = preSolution
		Debug|x64 = Debug|x64
		Debug|x86 = Debug|x86
		Release|x64 = Release|x64
		Release|x86 = Release|x86
	EndGlobalSection
	GlobalSection(ProjectConfigurationPlatforms) = postSolution
		{1FB8B4F2-884F-4C17-B39B-971369121BB1}.Debug|x64.ActiveCfg = Debug|x64
		{1FB8B4F2-884F-4C17-B39B-971369121BB1}.Debug|x64.Build.0 = Debug|x64
		{1FB8B4F2-884F-4C17-B39B-971369121BB1}.Debug|x86.ActiveCfg = Debug|Win32
		{1FB8B4F2-884F-4C17-B39B-971369121BB1}.Debug|x86.Build.0 = Debug|Win32
		{1FB8B4F2-884F-4C17-B39B-971369121BB1}.Release|x64.ActiveCfg = Release|x64
		{1FB8B4F2-884F-4C17-B39B-971369121BB1}.Release|x64.Build.0 = Release|x64
		{1FB8B4F2-884F-4C17-B39B-971369121BB1}.Release|x86.ActiveCfg = Release|Win32
		{1FB8B4F2-884F-4C17-B39B-971369121BB1}.Release|x86.Build.0 = Release|Win32
	EndGlobalSection
	GlobalSection(SolutionProperties) = preSolution
		HideSolutionNode = FALSE
	EndGlobalSection
	GlobalSection(ExtensibilityGlobals) = postSolution
		SolutionGuid = {AF2D82F3-6344-401A-BBC1-7E2BF3EE6FFF}
	EndGlobalSection
EndGlobal
